
Microsoft Visual Studio Solution File, Format Version 12.00
# Visual Studio Version 16
VisualStudioVersion = 16.0.29709.97
MinimumVisualStudioVersion = 10.0.40219.1
Project("{9A19103F-16F7-4668-BE54-9A1E7A4F7556}") = "SC.ObjectModel", "SC.ObjectModel\SC.ObjectModel.csproj", "{DDCEB4E2-DDC6-4B9D-9506-EEC2495576ED}"
EndProject
Project("{9A19103F-16F7-4668-BE54-9A1E7A4F7556}") = "SC.DataPreparation", "SC.DataPreparation\SC.DataPreparation.csproj", "{F5084E6D-572D-4D4C-9690-DD2E2A903555}"
EndProject
Project("{9A19103F-16F7-4668-BE54-9A1E7A4F7556}") = "SC.ExecutionHandler", "SC.ExecutionHandler\SC.ExecutionHandler.csproj", "{6DF3287B-A3EF-4DAA-ACB9-ECE1184191E8}"
EndProject
Project("{9A19103F-16F7-4668-BE54-9A1E7A4F7556}") = "SC.GUI", "SC.GUI\SC.GUI.csproj", "{BB59B8FD-2409-4897-A0DC-9C5BFE232143}"
EndProject
Project("{9A19103F-16F7-4668-BE54-9A1E7A4F7556}") = "SC.Heuristics", "SC.Heuristics\SC.Heuristics.csproj", "{8A7A6469-7BD8-49CF-94F3-2D46485A9BA4}"
EndProject
Project("{9A19103F-16F7-4668-BE54-9A1E7A4F7556}") = "SC.Playground", "SC.Playground\SC.Playground.csproj", "{42583E66-22FE-4B19-9CD1-88419DA26C48}"
EndProject
Project("{9A19103F-16F7-4668-BE54-9A1E7A4F7556}") = "SC.Preprocessing", "SC.Preprocessing\SC.Preprocessing.csproj", "{F95E252F-F49D-4AC9-AB6C-61BA1D612262}"
EndProject
Project("{9A19103F-16F7-4668-BE54-9A1E7A4F7556}") = "SC.Toolbox", "SC.Toolbox\SC.Toolbox.csproj", "{8D217D8E-70EA-4A58-8DE8-E8468FADB86D}"
EndProject
Project("{9A19103F-16F7-4668-BE54-9A1E7A4F7556}") = "SC.Linear", "SC.Linear\SC.Linear.csproj", "{F382D9D0-2619-4F35-B129-0339BEC34BE1}"
EndProject
Project("{9A19103F-16F7-4668-BE54-9A1E7A4F7556}") = "SC.Service", "SC.Service\SC.Service.csproj", "{22C5694F-4AE3-47D6-B538-0986F6B74B32}"
EndProject
Global
	GlobalSection(SolutionConfigurationPlatforms) = preSolution
		Debug|x64 = Debug|x64
		Debug|x86 = Debug|x86
		Release|x64 = Release|x64
		Release|x86 = Release|x86
	EndGlobalSection
	GlobalSection(ProjectConfigurationPlatforms) = postSolution
		{DDCEB4E2-DDC6-4B9D-9506-EEC2495576ED}.Debug|x64.ActiveCfg = Debug|x64
		{DDCEB4E2-DDC6-4B9D-9506-EEC2495576ED}.Debug|x64.Build.0 = Debug|x64
		{DDCEB4E2-DDC6-4B9D-9506-EEC2495576ED}.Debug|x86.ActiveCfg = Debug|x86
		{DDCEB4E2-DDC6-4B9D-9506-EEC2495576ED}.Debug|x86.Build.0 = Debug|x86
		{DDCEB4E2-DDC6-4B9D-9506-EEC2495576ED}.Release|x64.ActiveCfg = Release|x64
		{DDCEB4E2-DDC6-4B9D-9506-EEC2495576ED}.Release|x64.Build.0 = Release|x64
		{DDCEB4E2-DDC6-4B9D-9506-EEC2495576ED}.Release|x86.ActiveCfg = Release|x86
		{DDCEB4E2-DDC6-4B9D-9506-EEC2495576ED}.Release|x86.Build.0 = Release|x86
		{F5084E6D-572D-4D4C-9690-DD2E2A903555}.Debug|x64.ActiveCfg = Debug|x64
		{F5084E6D-572D-4D4C-9690-DD2E2A903555}.Debug|x64.Build.0 = Debug|x64
		{F5084E6D-572D-4D4C-9690-DD2E2A903555}.Debug|x86.ActiveCfg = Debug|x86
		{F5084E6D-572D-4D4C-9690-DD2E2A903555}.Debug|x86.Build.0 = Debug|x86
		{F5084E6D-572D-4D4C-9690-DD2E2A903555}.Release|x64.ActiveCfg = Release|x64
		{F5084E6D-572D-4D4C-9690-DD2E2A903555}.Release|x64.Build.0 = Release|x64
		{F5084E6D-572D-4D4C-9690-DD2E2A903555}.Release|x86.ActiveCfg = Release|x86
		{F5084E6D-572D-4D4C-9690-DD2E2A903555}.Release|x86.Build.0 = Release|x86
		{6DF3287B-A3EF-4DAA-ACB9-ECE1184191E8}.Debug|x64.ActiveCfg = Debug|x64
		{6DF3287B-A3EF-4DAA-ACB9-ECE1184191E8}.Debug|x64.Build.0 = Debug|x64
		{6DF3287B-A3EF-4DAA-ACB9-ECE1184191E8}.Debug|x86.ActiveCfg = Debug|x86
		{6DF3287B-A3EF-4DAA-ACB9-ECE1184191E8}.Debug|x86.Build.0 = Debug|x86
		{6DF3287B-A3EF-4DAA-ACB9-ECE1184191E8}.Release|x64.ActiveCfg = Release|x64
		{6DF3287B-A3EF-4DAA-ACB9-ECE1184191E8}.Release|x64.Build.0 = Release|x64
		{6DF3287B-A3EF-4DAA-ACB9-ECE1184191E8}.Release|x86.ActiveCfg = Release|x86
		{6DF3287B-A3EF-4DAA-ACB9-ECE1184191E8}.Release|x86.Build.0 = Release|x86
		{BB59B8FD-2409-4897-A0DC-9C5BFE232143}.Debug|x64.ActiveCfg = Debug|x64
		{BB59B8FD-2409-4897-A0DC-9C5BFE232143}.Debug|x64.Build.0 = Debug|x64
		{BB59B8FD-2409-4897-A0DC-9C5BFE232143}.Debug|x86.ActiveCfg = Debug|x86
		{BB59B8FD-2409-4897-A0DC-9C5BFE232143}.Debug|x86.Build.0 = Debug|x86
		{BB59B8FD-2409-4897-A0DC-9C5BFE232143}.Release|x64.ActiveCfg = Release|x64
		{BB59B8FD-2409-4897-A0DC-9C5BFE232143}.Release|x64.Build.0 = Release|x64
		{BB59B8FD-2409-4897-A0DC-9C5BFE232143}.Release|x86.ActiveCfg = Release|x86
		{BB59B8FD-2409-4897-A0DC-9C5BFE232143}.Release|x86.Build.0 = Release|x86
		{8A7A6469-7BD8-49CF-94F3-2D46485A9BA4}.Debug|x64.ActiveCfg = Debug|x64
		{8A7A6469-7BD8-49CF-94F3-2D46485A9BA4}.Debug|x64.Build.0 = Debug|x64
		{8A7A6469-7BD8-49CF-94F3-2D46485A9BA4}.Debug|x86.ActiveCfg = Debug|x86
		{8A7A6469-7BD8-49CF-94F3-2D46485A9BA4}.Debug|x86.Build.0 = Debug|x86
		{8A7A6469-7BD8-49CF-94F3-2D46485A9BA4}.Release|x64.ActiveCfg = Release|x64
		{8A7A6469-7BD8-49CF-94F3-2D46485A9BA4}.Release|x64.Build.0 = Release|x64
		{8A7A6469-7BD8-49CF-94F3-2D46485A9BA4}.Release|x86.ActiveCfg = Release|x86
		{8A7A6469-7BD8-49CF-94F3-2D46485A9BA4}.Release|x86.Build.0 = Release|x86
		{42583E66-22FE-4B19-9CD1-88419DA26C48}.Debug|x64.ActiveCfg = Debug|x64
		{42583E66-22FE-4B19-9CD1-88419DA26C48}.Debug|x64.Build.0 = Debug|x64
		{42583E66-22FE-4B19-9CD1-88419DA26C48}.Debug|x86.ActiveCfg = Debug|x86
		{42583E66-22FE-4B19-9CD1-88419DA26C48}.Debug|x86.Build.0 = Debug|x86
		{42583E66-22FE-4B19-9CD1-88419DA26C48}.Release|x64.ActiveCfg = Release|x64
		{42583E66-22FE-4B19-9CD1-88419DA26C48}.Release|x64.Build.0 = Release|x64
		{42583E66-22FE-4B19-9CD1-88419DA26C48}.Release|x86.ActiveCfg = Release|x86
		{42583E66-22FE-4B19-9CD1-88419DA26C48}.Release|x86.Build.0 = Release|x86
		{F95E252F-F49D-4AC9-AB6C-61BA1D612262}.Debug|x64.ActiveCfg = Debug|x64
		{F95E252F-F49D-4AC9-AB6C-61BA1D612262}.Debug|x64.Build.0 = Debug|x64
		{F95E252F-F49D-4AC9-AB6C-61BA1D612262}.Debug|x86.ActiveCfg = Debug|x86
		{F95E252F-F49D-4AC9-AB6C-61BA1D612262}.Debug|x86.Build.0 = Debug|x86
		{F95E252F-F49D-4AC9-AB6C-61BA1D612262}.Release|x64.ActiveCfg = Release|x64
		{F95E252F-F49D-4AC9-AB6C-61BA1D612262}.Release|x64.Build.0 = Release|x64
		{F95E252F-F49D-4AC9-AB6C-61BA1D612262}.Release|x86.ActiveCfg = Release|x86
		{F95E252F-F49D-4AC9-AB6C-61BA1D612262}.Release|x86.Build.0 = Release|x86
		{8D217D8E-70EA-4A58-8DE8-E8468FADB86D}.Debug|x64.ActiveCfg = Debug|x64
		{8D217D8E-70EA-4A58-8DE8-E8468FADB86D}.Debug|x64.Build.0 = Debug|x64
		{8D217D8E-70EA-4A58-8DE8-E8468FADB86D}.Debug|x86.ActiveCfg = Debug|x86
		{8D217D8E-70EA-4A58-8DE8-E8468FADB86D}.Debug|x86.Build.0 = Debug|x86
		{8D217D8E-70EA-4A58-8DE8-E8468FADB86D}.Release|x64.ActiveCfg = Release|x64
		{8D217D8E-70EA-4A58-8DE8-E8468FADB86D}.Release|x64.Build.0 = Release|x64
		{8D217D8E-70EA-4A58-8DE8-E8468FADB86D}.Release|x86.ActiveCfg = Release|x86
		{8D217D8E-70EA-4A58-8DE8-E8468FADB86D}.Release|x86.Build.0 = Release|x86
		{F382D9D0-2619-4F35-B129-0339BEC34BE1}.Debug|x64.ActiveCfg = Debug|x64
		{F382D9D0-2619-4F35-B129-0339BEC34BE1}.Debug|x64.Build.0 = Debug|x64
		{F382D9D0-2619-4F35-B129-0339BEC34BE1}.Debug|x86.ActiveCfg = Debug|x86
		{F382D9D0-2619-4F35-B129-0339BEC34BE1}.Debug|x86.Build.0 = Debug|x86
		{F382D9D0-2619-4F35-B129-0339BEC34BE1}.Release|x64.ActiveCfg = Release|x64
		{F382D9D0-2619-4F35-B129-0339BEC34BE1}.Release|x64.Build.0 = Release|x64
		{F382D9D0-2619-4F35-B129-0339BEC34BE1}.Release|x86.ActiveCfg = Release|x86
		{F382D9D0-2619-4F35-B129-0339BEC34BE1}.Release|x86.Build.0 = Release|x86
		{22C5694F-4AE3-47D6-B538-0986F6B74B32}.Debug|x64.ActiveCfg = Debug|x64
		{22C5694F-4AE3-47D6-B538-0986F6B74B32}.Debug|x64.Build.0 = Debug|x64
		{22C5694F-4AE3-47D6-B538-0986F6B74B32}.Debug|x86.ActiveCfg = Debug|x86
		{22C5694F-4AE3-47D6-B538-0986F6B74B32}.Debug|x86.Build.0 = Debug|x86
		{22C5694F-4AE3-47D6-B538-0986F6B74B32}.Release|x64.ActiveCfg = Release|x64
		{22C5694F-4AE3-47D6-B538-0986F6B74B32}.Release|x64.Build.0 = Release|x64
		{22C5694F-4AE3-47D6-B538-0986F6B74B32}.Release|x86.ActiveCfg = Release|x86
		{22C5694F-4AE3-47D6-B538-0986F6B74B32}.Release|x86.Build.0 = Release|x86
	EndGlobalSection
	GlobalSection(SolutionProperties) = preSolution
		HideSolutionNode = FALSE
	EndGlobalSection
	GlobalSection(ExtensibilityGlobals) = postSolution
		SolutionGuid = {AF8285D4-F8BA-40D7-9FF7-722549D0FC34}
	EndGlobalSection
EndGlobal
